
Microsoft Visual Studio Solution File, Format Version 12.00
# Visual Studio Version 16
VisualStudioVersion = 16.0.29418.71
MinimumVisualStudioVersion = 10.0.40219.1
Project("{9A19103F-16F7-4668-BE54-9A1E7A4F7556}") = "BusinessLayer", "BusinessLayer\BusinessLayer.csproj", "{D7D3CBE4-5C25-4417-B158-379A96DB75DF}"
EndProject
Project("{9A19103F-16F7-4668-BE54-9A1E7A4F7556}") = "DataLayer", "DataLayer\DataLayer.csproj", "{77A0B910-AA87-4D48-A262-46DA1A894D4E}"
EndProject
Project("{FAE04EC0-301F-11D3-BF4B-00C04F79EFBC}") = "DependencyInjectionDemo", "DependencyInjectionDemo\DependencyInjectionDemo.csproj", "{9F27770D-762F-4733-A086-A28CC274BCA5}"
EndProject
Global
	GlobalSection(SolutionConfigurationPlatforms) = preSolution
		Debug|Any CPU = Debug|Any CPU
		Release|Any CPU = Release|Any CPU
	EndGlobalSection
	GlobalSection(ProjectConfigurationPlatforms) = postSolution
		{D7D3CBE4-5C25-4417-B158-379A96DB75DF}.Debug|Any CPU.ActiveCfg = Debug|Any CPU
		{D7D3CBE4-5C25-4417-B158-379A96DB75DF}.Debug|Any CPU.Build.0 = Debug|Any CPU
		{D7D3CBE4-5C25-4417-B158-379A96DB75DF}.Release|Any CPU.ActiveCfg = Release|Any CPU
		{D7D3CBE4-5C25-4417-B158-379A96DB75DF}.Release|Any CPU.Build.0 = Release|Any CPU
		{77A0B910-AA87-4D48-A262-46DA1A894D4E}.Debug|Any CPU.ActiveCfg = Debug|Any CPU
		{77A0B910-AA87-4D48-A262-46DA1A894D4E}.Debug|Any CPU.Build.0 = Debug|Any CPU
		{77A0B910-AA87-4D48-A262-46DA1A894D4E}.Release|Any CPU.ActiveCfg = Release|Any CPU
		{77A0B910-AA87-4D48-A262-46DA1A894D4E}.Release|Any CPU.Build.0 = Release|Any CPU
		{9F27770D-762F-4733-A086-A28CC274BCA5}.Debug|Any CPU.ActiveCfg = Debug|Any CPU
		{9F27770D-762F-4733-A086-A28CC274BCA5}.Debug|Any CPU.Build.0 = Debug|Any CPU
		{9F27770D-762F-4733-A086-A28CC274BCA5}.Release|Any CPU.ActiveCfg = Release|Any CPU
		{9F27770D-762F-4733-A086-A28CC274BCA5}.Release|Any CPU.Build.0 = Release|Any CPU
	EndGlobalSection
	GlobalSection(SolutionProperties) = preSolution
		HideSolutionNode = FALSE
	EndGlobalSection
	GlobalSection(ExtensibilityGlobals) = postSolution
		SolutionGuid = {2E509AF7-CBDF-487D-AF57-184706828489}
	EndGlobalSection
EndGlobal
